PODS:
  - MachineLearnService (1.1.1)

DEPENDENCIES:
  - MachineLearnService (from `../`)

EXTERNAL SOURCES:
  MachineLearnService:
    :path: "../"

SPEC CHECKSUMS:
  MachineLearnService: 034d242e82b0edf803a15fa1bd7f52a953571305

PODFILE CHECKSUM: 89a2d4ee9c6304c4bb5828302d48f8ac6f22a970

COCOAPODS: 1.10.1
